
Microsoft Visual Studio Solution File, Format Version 12.00
# Visual Studio Version 16
VisualStudioVersion = 16.0.30907.101
MinimumVisualStudioVersion = 10.0.40219.1
Project("{9A19103F-16F7-4668-BE54-9A1E7A4F7556}") = "GameZork", "GameZork\GameZork.csproj", "{B44C49FB-E5BD-4DAA-BBB7-62410F2366A8}"
EndProject
Project("{9A19103F-16F7-4668-BE54-9A1E7A4F7556}") = "GameZork.DataAccessLayer", "GameZork.DataAccessLayer\GameZork.DataAccessLayer.csproj", "{A06845EC-F532-46CE-9243-500E69739FAE}"
EndProject
Project("{9A19103F-16F7-4668-BE54-9A1E7A4F7556}") = "GameZork.Services", "GameZork.Services\GameZork.Services.csproj", "{F9D7A840-E7C1-472A-BDA1-E0BC83CE8D6D}"
	ProjectSection(ProjectDependencies) = postProject
		{A06845EC-F532-46CE-9243-500E69739FAE} = {A06845EC-F532-46CE-9243-500E69739FAE}
	EndProjectSection
EndProject
Global
	GlobalSection(SolutionConfigurationPlatforms) = preSolution
		Debug|Any CPU = Debug|Any CPU
		Release|Any CPU = Release|Any CPU
	EndGlobalSection
	GlobalSection(ProjectConfigurationPlatforms) = postSolution
		{B44C49FB-E5BD-4DAA-BBB7-62410F2366A8}.Debug|Any CPU.ActiveCfg = Debug|Any CPU
		{B44C49FB-E5BD-4DAA-BBB7-62410F2366A8}.Debug|Any CPU.Build.0 = Debug|Any CPU
		{B44C49FB-E5BD-4DAA-BBB7-62410F2366A8}.Release|Any CPU.ActiveCfg = Release|Any CPU
		{B44C49FB-E5BD-4DAA-BBB7-62410F2366A8}.Release|Any CPU.Build.0 = Release|Any CPU
		{A06845EC-F532-46CE-9243-500E69739FAE}.Debug|Any CPU.ActiveCfg = Debug|Any CPU
		{A06845EC-F532-46CE-9243-500E69739FAE}.Debug|Any CPU.Build.0 = Debug|Any CPU
		{A06845EC-F532-46CE-9243-500E69739FAE}.Release|Any CPU.ActiveCfg = Release|Any CPU
		{A06845EC-F532-46CE-9243-500E69739FAE}.Release|Any CPU.Build.0 = Release|Any CPU
		{F9D7A840-E7C1-472A-BDA1-E0BC83CE8D6D}.Debug|Any CPU.ActiveCfg = Debug|Any CPU
		{F9D7A840-E7C1-472A-BDA1-E0BC83CE8D6D}.Debug|Any CPU.Build.0 = Debug|Any CPU
		{F9D7A840-E7C1-472A-BDA1-E0BC83CE8D6D}.Release|Any CPU.ActiveCfg = Release|Any CPU
		{F9D7A840-E7C1-472A-BDA1-E0BC83CE8D6D}.Release|Any CPU.Build.0 = Release|Any CPU
	EndGlobalSection
	GlobalSection(SolutionProperties) = preSolution
		HideSolutionNode = FALSE
	EndGlobalSection
	GlobalSection(ExtensibilityGlobals) = postSolution
		SolutionGuid = {F58A63DE-02A5-44BB-A1BE-7A57CEEE95E2}
	EndGlobalSection
EndGlobal
